
Microsoft Visual Studio Solution File, Format Version 12.00
# Visual Studio Version 17
VisualStudioVersion = 17.0.32112.339
MinimumVisualStudioVersion = 10.0.40219.1
Project("{FAE04EC0-301F-11D3-BF4B-00C04F79EFBC}") = "Api", "Api\Api.csproj", "{CA307F82-4899-414C-93E8-61C261B7834C}"
EndProject
Global
	GlobalSection(SolutionConfigurationPlatforms) = preSolution
		Debug|Any CPU = Debug|Any CPU
		Release|Any CPU = Release|Any CPU
	EndGlobalSection
	GlobalSection(ProjectConfigurationPlatforms) = postSolution
		{CA307F82-4899-414C-93E8-61C261B7834C}.Debug|Any CPU.ActiveCfg = Debug|Any CPU
		{CA307F82-4899-414C-93E8-61C261B7834C}.Debug|Any CPU.Build.0 = Debug|Any CPU
		{CA307F82-4899-414C-93E8-61C261B7834C}.Release|Any CPU.ActiveCfg = Release|Any CPU
		{CA307F82-4899-414C-93E8-61C261B7834C}.Release|Any CPU.Build.0 = Release|Any CPU
	EndGlobalSection
	GlobalSection(SolutionProperties) = preSolution
		HideSolutionNode = FALSE
	EndGlobalSection
	GlobalSection(ExtensibilityGlobals) = postSolution
		SolutionGuid = {2AE913E7-2679-43AB-A31D-65C8606D4A3D}
	EndGlobalSection
EndGlobal
